// !$*UTF8*$!
{
	archiveVersion = 1;
	classes = {
	};
	objectVersion = 46;
	objects = {

/* Begin PBXBuildFile section */
		AF2F9DA11E4B7C0100B59EDE /* main.cpp in Sources */ = {isa = PBXBuildFile; fileRef = AF2F9DA01E4B7C0100B59EDE /* main.cpp */; };
		AF2F9DA91E4B7E0600B59EDE /* OpenGL.framework in Frameworks */ = {isa = PBXBuildFile; fileRef = AF2F9DA81E4B7E0600B59EDE /* OpenGL.framework */; };
		AF2F9DAB1E4B7E7100B59EDE /* libGLEW.1.13.0.dylib in Frameworks */ = {isa = PBXBuildFile; fileRef = AF2F9DAA1E4B7E7100B59EDE /* libGLEW.1.13.0.dylib */; };
		AF2F9DAD1E4B7E8900B59EDE /* libglfw.3.2.dylib in Frameworks */ = {isa = PBXBuildFile; fileRef = AF2F9DAC1E4B7E8900B59EDE /* libglfw.3.2.dylib */; };
		AF2F9DB61E4BA66500B59EDE /* Logger.cpp in Sources */ = {isa = PBXBuildFile; fileRef = AF2F9DB41E4BA66500B59EDE /* Logger.cpp */; };
		AF2F9DC21E4CAEB800B59EDE /* Kernel.cpp in Sources */ = {isa = PBXBuildFile; fileRef = AF2F9DC01E4CAEB800B59EDE /* Kernel.cpp */; };
		AF2F9DC81E4CBB4200B59EDE /* WindowManager.cpp in Sources */ = {isa = PBXBuildFile; fileRef = AF2F9DC61E4CBB4200B59EDE /* WindowManager.cpp */; };
		AF2F9DCB1E4CBBB100B59EDE /* Window.cpp in Sources */ = {isa = PBXBuildFile; fileRef = AF2F9DC91E4CBBB100B59EDE /* Window.cpp */; };
		AF2F9DD21E4E0B3600B59EDE /* ShaderManager.cpp in Sources */ = {isa = PBXBuildFile; fileRef = AF2F9DD01E4E0B3600B59EDE /* ShaderManager.cpp */; };
		AF2F9DD51E4E0EC300B59EDE /* Shader.cpp in Sources */ = {isa = PBXBuildFile; fileRef = AF2F9DD31E4E0EC300B59EDE /* Shader.cpp */; };
		AF2F9DDA1E4E2FCD00B59EDE /* vertexshader.vs in CopyFiles */ = {isa = PBXBuildFile; fileRef = AF2F9DD81E4E2E8C00B59EDE /* vertexshader.vs */; };
		AF2F9DDB1E4E2FCD00B59EDE /* fragmentshader.fs in CopyFiles */ = {isa = PBXBuildFile; fileRef = AF2F9DD91E4E2EB100B59EDE /* fragmentshader.fs */; };
		AF2F9DF21E5DD45500B59EDE /* Renderer.cpp in Sources */ = {isa = PBXBuildFile; fileRef = AF2F9DF01E5DD45500B59EDE /* Renderer.cpp */; };
		AF2F9DF51E5F13D000B59EDE /* Pipeline.cpp in Sources */ = {isa = PBXBuildFile; fileRef = AF2F9DF31E5F13D000B59EDE /* Pipeline.cpp */; };
/* End PBXBuildFile section */

/* Begin PBXCopyFilesBuildPhase section */
		AF2F9D9B1E4B7C0100B59EDE /* CopyFiles */ = {
			isa = PBXCopyFilesBuildPhase;
			buildActionMask = 12;
			dstPath = "";
			dstSubfolderSpec = 16;
			files = (
				AF2F9DDA1E4E2FCD00B59EDE /* vertexshader.vs in CopyFiles */,
				AF2F9DDB1E4E2FCD00B59EDE /* fragmentshader.fs in CopyFiles */,
			);
			runOnlyForDeploymentPostprocessing = 0;
		};
/* End PBXCopyFilesBuildPhase section */

/* Begin PBXFileReference section */
		AF2F9D9D1E4B7C0100B59EDE /* EngineOpenGL */ = {isa = PBXFileReference; explicitFileType = "compiled.mach-o.executable"; includeInIndex = 0; path = EngineOpenGL; sourceTree = BUILT_PRODUCTS_DIR; };
		AF2F9DA01E4B7C0100B59EDE /* main.cpp */ = {isa = PBXFileReference; lastKnownFileType = sourcecode.cpp.cpp; path = main.cpp; sourceTree = "<group>"; };
		AF2F9DA81E4B7E0600B59EDE /* OpenGL.framework */ = {isa = PBXFileReference; lastKnownFileType = wrapper.framework; name = OpenGL.framework; path = System/Library/Frameworks/OpenGL.framework; sourceTree = SDKROOT; };
		AF2F9DAA1E4B7E7100B59EDE /* libGLEW.1.13.0.dylib */ = {isa = PBXFileReference; lastKnownFileType = "compiled.mach-o.dylib"; name = libGLEW.1.13.0.dylib; path = ../../../../../usr/local/Cellar/glew/1.13.0/lib/libGLEW.1.13.0.dylib; sourceTree = "<group>"; };
		AF2F9DAC1E4B7E8900B59EDE /* libglfw.3.2.dylib */ = {isa = PBXFileReference; lastKnownFileType = "compiled.mach-o.dylib"; name = libglfw.3.2.dylib; path = ../../../../../usr/local/Cellar/glfw/3.2.1/lib/libglfw.3.2.dylib; sourceTree = "<group>"; };
		AF2F9DB41E4BA66500B59EDE /* Logger.cpp */ = {isa = PBXFileReference; fileEncoding = 4; lastKnownFileType = sourcecode.cpp.cpp; path = Logger.cpp; sourceTree = "<group>"; };
		AF2F9DB51E4BA66500B59EDE /* Logger.hpp */ = {isa = PBXFileReference; fileEncoding = 4; lastKnownFileType = sourcecode.cpp.h; path = Logger.hpp; sourceTree = "<group>"; };
		AF2F9DC01E4CAEB800B59EDE /* Kernel.cpp */ = {isa = PBXFileReference; fileEncoding = 4; lastKnownFileType = sourcecode.cpp.cpp; path = Kernel.cpp; sourceTree = "<group>"; };
		AF2F9DC11E4CAEB800B59EDE /* Kernel.hpp */ = {isa = PBXFileReference; fileEncoding = 4; lastKnownFileType = sourcecode.cpp.h; path = Kernel.hpp; sourceTree = "<group>"; };
		AF2F9DC61E4CBB4200B59EDE /* WindowManager.cpp */ = {isa = PBXFileReference; fileEncoding = 4; lastKnownFileType = sourcecode.cpp.cpp; path = WindowManager.cpp; sourceTree = "<group>"; };
		AF2F9DC71E4CBB4200B59EDE /* WindowManager.hpp */ = {isa = PBXFileReference; fileEncoding = 4; lastKnownFileType = sourcecode.cpp.h; path = WindowManager.hpp; sourceTree = "<group>"; };
		AF2F9DC91E4CBBB100B59EDE /* Window.cpp */ = {isa = PBXFileReference; fileEncoding = 4; lastKnownFileType = sourcecode.cpp.cpp; path = Window.cpp; sourceTree = "<group>"; };
		AF2F9DCA1E4CBBB100B59EDE /* Window.hpp */ = {isa = PBXFileReference; fileEncoding = 4; lastKnownFileType = sourcecode.cpp.h; path = Window.hpp; sourceTree = "<group>"; };
		AF2F9DD01E4E0B3600B59EDE /* ShaderManager.cpp */ = {isa = PBXFileReference; fileEncoding = 4; lastKnownFileType = sourcecode.cpp.cpp; path = ShaderManager.cpp; sourceTree = "<group>"; };
		AF2F9DD11E4E0B3600B59EDE /* ShaderManager.hpp */ = {isa = PBXFileReference; fileEncoding = 4; lastKnownFileType = sourcecode.cpp.h; path = ShaderManager.hpp; sourceTree = "<group>"; };
		AF2F9DD31E4E0EC300B59EDE /* Shader.cpp */ = {isa = PBXFileReference; fileEncoding = 4; lastKnownFileType = sourcecode.cpp.cpp; path = Shader.cpp; sourceTree = "<group>"; };
		AF2F9DD41E4E0EC300B59EDE /* Shader.hpp */ = {isa = PBXFileReference; fileEncoding = 4; lastKnownFileType = sourcecode.cpp.h; path = Shader.hpp; sourceTree = "<group>"; };
		AF2F9DD81E4E2E8C00B59EDE /* vertexshader.vs */ = {isa = PBXFileReference; explicitFileType = sourcecode.glsl; fileEncoding = 4; path = vertexshader.vs; sourceTree = "<group>"; };
		AF2F9DD91E4E2EB100B59EDE /* fragmentshader.fs */ = {isa = PBXFileReference; explicitFileType = sourcecode.glsl; fileEncoding = 4; path = fragmentshader.fs; sourceTree = "<group>"; };
		AF2F9DF01E5DD45500B59EDE /* Renderer.cpp */ = {isa = PBXFileReference; fileEncoding = 4; lastKnownFileType = sourcecode.cpp.cpp; path = Renderer.cpp; sourceTree = "<group>"; };
		AF2F9DF11E5DD45500B59EDE /* Renderer.hpp */ = {isa = PBXFileReference; fileEncoding = 4; lastKnownFileType = sourcecode.cpp.h; path = Renderer.hpp; sourceTree = "<group>"; };
		AF2F9DF31E5F13D000B59EDE /* Pipeline.cpp */ = {isa = PBXFileReference; fileEncoding = 4; lastKnownFileType = sourcecode.cpp.cpp; path = Pipeline.cpp; sourceTree = "<group>"; };
		AF2F9DF41E5F13D000B59EDE /* Pipeline.hpp */ = {isa = PBXFileReference; fileEncoding = 4; lastKnownFileType = sourcecode.cpp.h; path = Pipeline.hpp; sourceTree = "<group>"; };
/* End PBXFileReference section */

/* Begin PBXFrameworksBuildPhase section */
		AF2F9D9A1E4B7C0100B59EDE /* Frameworks */ = {
			isa = PBXFrameworksBuildPhase;
			buildActionMask = 2147483647;
			files = (
				AF2F9DAD1E4B7E8900B59EDE /* libglfw.3.2.dylib in Frameworks */,
				AF2F9DAB1E4B7E7100B59EDE /* libGLEW.1.13.0.dylib in Frameworks */,
				AF2F9DA91E4B7E0600B59EDE /* OpenGL.framework in Frameworks */,
			);
			runOnlyForDeploymentPostprocessing = 0;
		};
/* End PBXFrameworksBuildPhase section */

/* Begin PBXGroup section */
		AF2F9D941E4B7C0100B59EDE = {
			isa = PBXGroup;
			children = (
				AF2F9D9F1E4B7C0100B59EDE /* EngineOpenGL */,
				AF2F9D9E1E4B7C0100B59EDE /* Products */,
				AF2F9DA71E4B7E0600B59EDE /* Frameworks */,
			);
			sourceTree = "<group>";
		};
		AF2F9D9E1E4B7C0100B59EDE /* Products */ = {
			isa = PBXGroup;
			children = (
				AF2F9D9D1E4B7C0100B59EDE /* EngineOpenGL */,
			);
			name = Products;
			sourceTree = "<group>";
		};
		AF2F9D9F1E4B7C0100B59EDE /* EngineOpenGL */ = {
			isa = PBXGroup;
			children = (
				AF2F9DF01E5DD45500B59EDE /* Renderer.cpp */,
				AF2F9DF11E5DD45500B59EDE /* Renderer.hpp */,
				AF2F9DA01E4B7C0100B59EDE /* main.cpp */,
				AF2F9DC51E4CBAC000B59EDE /* Window */,
				AF2F9DCF1E4E0AE300B59EDE /* Shader */,
				AF2F9DB41E4BA66500B59EDE /* Logger.cpp */,
				AF2F9DB51E4BA66500B59EDE /* Logger.hpp */,
				AF2F9DC01E4CAEB800B59EDE /* Kernel.cpp */,
				AF2F9DC11E4CAEB800B59EDE /* Kernel.hpp */,
				AF2F9DF31E5F13D000B59EDE /* Pipeline.cpp */,
				AF2F9DF41E5F13D000B59EDE /* Pipeline.hpp */,
			);
			path = EngineOpenGL;
			sourceTree = "<group>";
		};
		AF2F9DA71E4B7E0600B59EDE /* Frameworks */ = {
			isa = PBXGroup;
			children = (
				AF2F9DAC1E4B7E8900B59EDE /* libglfw.3.2.dylib */,
				AF2F9DAA1E4B7E7100B59EDE /* libGLEW.1.13.0.dylib */,
				AF2F9DA81E4B7E0600B59EDE /* OpenGL.framework */,
			);
			name = Frameworks;
			sourceTree = "<group>";
		};
		AF2F9DC51E4CBAC000B59EDE /* Window */ = {
			isa = PBXGroup;
			children = (
				AF2F9DC61E4CBB4200B59EDE /* WindowManager.cpp */,
				AF2F9DC71E4CBB4200B59EDE /* WindowManager.hpp */,
				AF2F9DC91E4CBBB100B59EDE /* Window.cpp */,
				AF2F9DCA1E4CBBB100B59EDE /* Window.hpp */,
			);
			name = Window;
			sourceTree = "<group>";
		};
		AF2F9DCF1E4E0AE300B59EDE /* Shader */ = {
			isa = PBXGroup;
			children = (
				AF2F9DD61E4E2D8C00B59EDE /* Shader Files */,
				AF2F9DD01E4E0B3600B59EDE /* ShaderManager.cpp */,
				AF2F9DD11E4E0B3600B59EDE /* ShaderManager.hpp */,
				AF2F9DD31E4E0EC300B59EDE /* Shader.cpp */,
				AF2F9DD41E4E0EC300B59EDE /* Shader.hpp */,
			);
			name = Shader;
			sourceTree = "<group>";
		};
		AF2F9DD61E4E2D8C00B59EDE /* Shader Files */ = {
			isa = PBXGroup;
			children = (
				AF2F9DD81E4E2E8C00B59EDE /* vertexshader.vs */,
				AF2F9DD91E4E2EB100B59EDE /* fragmentshader.fs */,
			);
			name = "Shader Files";
			sourceTree = "<group>";
		};
/* End PBXGroup section */

/* Begin PBXNativeTarget section */
		AF2F9D9C1E4B7C0100B59EDE /* EngineOpenGL */ = {
			isa = PBXNativeTarget;
			buildConfigurationList = AF2F9DA41E4B7C0100B59EDE /* Build configuration list for PBXNativeTarget "EngineOpenGL" */;
			buildPhases = (
				AF2F9D991E4B7C0100B59EDE /* Sources */,
				AF2F9D9A1E4B7C0100B59EDE /* Frameworks */,
				AF2F9D9B1E4B7C0100B59EDE /* CopyFiles */,
			);
			buildRules = (
			);
			dependencies = (
			);
			name = EngineOpenGL;
			productName = EngineOpenGL;
			productReference = AF2F9D9D1E4B7C0100B59EDE /* EngineOpenGL */;
			productType = "com.apple.product-type.tool";
		};
/* End PBXNativeTarget section */

/* Begin PBXProject section */
		AF2F9D951E4B7C0100B59EDE /* Project object */ = {
			isa = PBXProject;
			attributes = {
				LastUpgradeCheck = 0820;
				ORGANIZATIONNAME = "Casper Star";
				TargetAttributes = {
					AF2F9D9C1E4B7C0100B59EDE = {
						CreatedOnToolsVersion = 8.2.1;
						ProvisioningStyle = Automatic;
					};
				};
			};
			buildConfigurationList = AF2F9D981E4B7C0100B59EDE /* Build configuration list for PBXProject "EngineOpenGL" */;
			compatibilityVersion = "Xcode 3.2";
			developmentRegion = English;
			hasScannedForEncodings = 0;
			knownRegions = (
				en,
			);
			mainGroup = AF2F9D941E4B7C0100B59EDE;
			productRefGroup = AF2F9D9E1E4B7C0100B59EDE /* Products */;
			projectDirPath = "";
			projectRoot = "";
			targets = (
				AF2F9D9C1E4B7C0100B59EDE /* EngineOpenGL */,
			);
		};
/* End PBXProject section */

/* Begin PBXSourcesBuildPhase section */
		AF2F9D991E4B7C0100B59EDE /* Sources */ = {
			isa = PBXSourcesBuildPhase;
			buildActionMask = 2147483647;
			files = (
				AF2F9DA11E4B7C0100B59EDE /* main.cpp in Sources */,
				AF2F9DD51E4E0EC300B59EDE /* Shader.cpp in Sources */,
				AF2F9DCB1E4CBBB100B59EDE /* Window.cpp in Sources */,
				AF2F9DF51E5F13D000B59EDE /* Pipeline.cpp in Sources */,
				AF2F9DC81E4CBB4200B59EDE /* WindowManager.cpp in Sources */,
				AF2F9DF21E5DD45500B59EDE /* Renderer.cpp in Sources */,
				AF2F9DC21E4CAEB800B59EDE /* Kernel.cpp in Sources */,
				AF2F9DD21E4E0B3600B59EDE /* ShaderManager.cpp in Sources */,
				AF2F9DB61E4BA66500B59EDE /* Logger.cpp in Sources */,
			);
			runOnlyForDeploymentPostprocessing = 0;
		};
/* End PBXSourcesBuildPhase section */

/* Begin XCBuildConfiguration section */
		AF2F9DA21E4B7C0100B59EDE /* Debug */ = {
			isa = XCBuildConfiguration;
			buildSettings = {
				ALWAYS_SEARCH_USER_PATHS = NO;
				CLANG_ANALYZER_NONNULL = YES;
				CLANG_CXX_LANGUAGE_STANDARD = "gnu++0x";
				CLANG_CXX_LIBRARY = "libc++";
				CLANG_ENABLE_MODULES = YES;
				CLANG_ENABLE_OBJC_ARC = YES;
				CLANG_WARN_BOOL_CONVERSION = YES;
				CLANG_WARN_CONSTANT_CONVERSION = YES;
				CLANG_WARN_DIRECT_OBJC_ISA_USAGE = YES_ERROR;
				CLANG_WARN_DOCUMENTATION_COMMENTS = YES;
				CLANG_WARN_EMPTY_BODY = YES;
				CLANG_WARN_ENUM_CONVERSION = YES;
				CLANG_WARN_INFINITE_RECURSION = YES;
				CLANG_WARN_INT_CONVERSION = YES;
				CLANG_WARN_OBJC_ROOT_CLASS = YES_ERROR;
				CLANG_WARN_SUSPICIOUS_MOVE = YES;
				CLANG_WARN_UNREACHABLE_CODE = YES;
				CLANG_WARN__DUPLICATE_METHOD_MATCH = YES;
				CODE_SIGN_IDENTITY = "-";
				COPY_PHASE_STRIP = NO;
				DEBUG_INFORMATION_FORMAT = dwarf;
				ENABLE_STRICT_OBJC_MSGSEND = YES;
				ENABLE_TESTABILITY = YES;
				GCC_C_LANGUAGE_STANDARD = gnu99;
				GCC_DYNAMIC_NO_PIC = NO;
				GCC_NO_COMMON_BLOCKS = YES;
				GCC_OPTIMIZATION_LEVEL = 0;
				GCC_PREPROCESSOR_DEFINITIONS = (
					"DEBUG=1",
					"$(inherited)",
				);
				GCC_WARN_64_TO_32_BIT_CONVERSION = YES;
				GCC_WARN_ABOUT_RETURN_TYPE = YES_ERROR;
				GCC_WARN_UNDECLARED_SELECTOR = YES;
				GCC_WARN_UNINITIALIZED_AUTOS = YES_AGGRESSIVE;
				GCC_WARN_UNUSED_FUNCTION = YES;
				GCC_WARN_UNUSED_VARIABLE = YES;
				MACOSX_DEPLOYMENT_TARGET = 10.12;
				MTL_ENABLE_DEBUG_INFO = YES;
				ONLY_ACTIVE_ARCH = YES;
				SDKROOT = macosx;
			};
			name = Debug;
		};
		AF2F9DA31E4B7C0100B59EDE /* Release */ = {
			isa = XCBuildConfiguration;
			buildSettings = {
				ALWAYS_SEARCH_USER_PATHS = NO;
				CLANG_ANALYZER_NONNULL = YES;
				CLANG_CXX_LANGUAGE_STANDARD = "gnu++0x";
				CLANG_CXX_LIBRARY = "libc++";
				CLANG_ENABLE_MODULES = YES;
				CLANG_ENABLE_OBJC_ARC = YES;
				CLANG_WARN_BOOL_CONVERSION = YES;
				CLANG_WARN_CONSTANT_CONVERSION = YES;
				CLANG_WARN_DIRECT_OBJC_ISA_USAGE = YES_ERROR;
				CLANG_WARN_DOCUMENTATION_COMMENTS = YES;
				CLANG_WARN_EMPTY_BODY = YES;
				CLANG_WARN_ENUM_CONVERSION = YES;
				CLANG_WARN_INFINITE_RECURSION = YES;
				CLANG_WARN_INT_CONVERSION = YES;
				CLANG_WARN_OBJC_ROOT_CLASS = YES_ERROR;
				CLANG_WARN_SUSPICIOUS_MOVE = YES;
				CLANG_WARN_UNREACHABLE_CODE = YES;
				CLANG_WARN__DUPLICATE_METHOD_MATCH = YES;
				CODE_SIGN_IDENTITY = "-";
				COPY_PHASE_STRIP = NO;
				DEBUG_INFORMATION_FORMAT = "dwarf-with-dsym";
				ENABLE_NS_ASSERTIONS = NO;
				ENABLE_STRICT_OBJC_MSGSEND = YES;
				GCC_C_LANGUAGE_STANDARD = gnu99;
				GCC_NO_COMMON_BLOCKS = YES;
				GCC_WARN_64_TO_32_BIT_CONVERSION = YES;
				GCC_WARN_ABOUT_RETURN_TYPE = YES_ERROR;
				GCC_WARN_UNDECLARED_SELECTOR = YES;
				GCC_WARN_UNINITIALIZED_AUTOS = YES_AGGRESSIVE;
				GCC_WARN_UNUSED_FUNCTION = YES;
				GCC_WARN_UNUSED_VARIABLE = YES;
				MACOSX_DEPLOYMENT_TARGET = 10.12;
				MTL_ENABLE_DEBUG_INFO = NO;
				SDKROOT = macosx;
			};
			name = Release;
		};
		AF2F9DA51E4B7C0100B59EDE /* Debug */ = {
			isa = XCBuildConfiguration;
			buildSettings = {
				CLANG_WARN_DOCUMENTATION_COMMENTS = NO;
				HEADER_SEARCH_PATHS = /usr/local/include/;
				LIBRARY_SEARCH_PATHS = (
					"$(inherited)",
					/usr/local/Cellar/glew/1.13.0/lib,
					/usr/local/Cellar/glfw/3.2.1/lib,
				);
				PRODUCT_NAME = "$(TARGET_NAME)";
			};
			name = Debug;
		};
		AF2F9DA61E4B7C0100B59EDE /* Release */ = {
			isa = XCBuildConfiguration;
			buildSettings = {
				CLANG_WARN_DOCUMENTATION_COMMENTS = NO;
				HEADER_SEARCH_PATHS = /usr/local/include/;
				LIBRARY_SEARCH_PATHS = (
					"$(inherited)",
					/usr/local/Cellar/glew/1.13.0/lib,
					/usr/local/Cellar/glfw/3.2.1/lib,
				);
				PRODUCT_NAME = "$(TARGET_NAME)";
			};
			name = Release;
		};
/* End XCBuildConfiguration section */

/* Begin XCConfigurationList section */
		AF2F9D981E4B7C0100B59EDE /* Build configuration list for PBXProject "EngineOpenGL" */ = {
			isa = XCConfigurationList;
			buildConfigurations = (
				AF2F9DA21E4B7C0100B59EDE /* Debug */,
				AF2F9DA31E4B7C0100B59EDE /* Release */,
			);
			defaultConfigurationIsVisible = 0;
			defaultConfigurationName = Release;
		};
		AF2F9DA41E4B7C0100B59EDE /* Build configuration list for PBXNativeTarget "EngineOpenGL" */ = {
			isa = XCConfigurationList;
			buildConfigurations = (
				AF2F9DA51E4B7C0100B59EDE /* Debug */,
				AF2F9DA61E4B7C0100B59EDE /* Release */,
			);
			defaultConfigurationIsVisible = 0;
			defaultConfigurationName = Release;
		};
/* End XCConfigurationList section */
	};
	rootObject = AF2F9D951E4B7C0100B59EDE /* Project object */;
}
